
Microsoft Visual Studio Solution File, Format Version 12.00
# Visual Studio 2012
Project("{8BC9CEB8-8B4A-11D0-8D11-00A0C91BC942}") = "GameController", "..\GameController\GameController.vcxproj", "{EA4888F8-4162-4E1F-8B79-7A9CFB81B133}"
EndProject
Project("{8BC9CEB8-8B4A-11D0-8D11-00A0C91BC942}") = "Console", "..\Console\Console.vcxproj", "{F88799FB-BA62-4E63-9AD1-986660152A17}"
	ProjectSection(ProjectDependencies) = postProject
		{EA4888F8-4162-4E1F-8B79-7A9CFB81B133} = {EA4888F8-4162-4E1F-8B79-7A9CFB81B133}
	EndProjectSection
EndProject
Global
	GlobalSection(SolutionConfigurationPlatforms) = preSolution
		Debug|Any CPU = Debug|Any CPU
		Debug|Mixed Platforms = Debug|Mixed Platforms
		Debug|Win32 = Debug|Win32
		Debug|x64 = Debug|x64
		Release|Any CPU = Release|Any CPU
		Release|Mixed Platforms = Release|Mixed Platforms
		Release|Win32 = Release|Win32
		Release|x64 = Release|x64
	EndGlobalSection
	GlobalSection(ProjectConfigurationPlatforms) = postSolution
		{EA4888F8-4162-4E1F-8B79-7A9CFB81B133}.Debug|Any CPU.ActiveCfg = Debug|Win32
		{EA4888F8-4162-4E1F-8B79-7A9CFB81B133}.Debug|Mixed Platforms.ActiveCfg = Debug|Win32
		{EA4888F8-4162-4E1F-8B79-7A9CFB81B133}.Debug|Mixed Platforms.Build.0 = Debug|Win32
		{EA4888F8-4162-4E1F-8B79-7A9CFB81B133}.Debug|Win32.ActiveCfg = Debug|Win32
		{EA4888F8-4162-4E1F-8B79-7A9CFB81B133}.Debug|Win32.Build.0 = Debug|Win32
		{EA4888F8-4162-4E1F-8B79-7A9CFB81B133}.Debug|x64.ActiveCfg = Debug|x64
		{EA4888F8-4162-4E1F-8B79-7A9CFB81B133}.Debug|x64.Build.0 = Debug|x64
		{EA4888F8-4162-4E1F-8B79-7A9CFB81B133}.Debug|x64.Deploy.0 = Debug|x64
		{EA4888F8-4162-4E1F-8B79-7A9CFB81B133}.Release|Any CPU.ActiveCfg = Release|Win32
		{EA4888F8-4162-4E1F-8B79-7A9CFB81B133}.Release|Mixed Platforms.ActiveCfg = Release|Win32
		{EA4888F8-4162-4E1F-8B79-7A9CFB81B133}.Release|Mixed Platforms.Build.0 = Release|Win32
		{EA4888F8-4162-4E1F-8B79-7A9CFB81B133}.Release|Win32.ActiveCfg = Release|Win32
		{EA4888F8-4162-4E1F-8B79-7A9CFB81B133}.Release|Win32.Build.0 = Release|Win32
		{EA4888F8-4162-4E1F-8B79-7A9CFB81B133}.Release|x64.ActiveCfg = Release|x64
		{EA4888F8-4162-4E1F-8B79-7A9CFB81B133}.Release|x64.Build.0 = Release|x64
		{F88799FB-BA62-4E63-9AD1-986660152A17}.Debug|Any CPU.ActiveCfg = Debug|Win32
		{F88799FB-BA62-4E63-9AD1-986660152A17}.Debug|Mixed Platforms.ActiveCfg = Debug|Win32
		{F88799FB-BA62-4E63-9AD1-986660152A17}.Debug|Mixed Platforms.Build.0 = Debug|Win32
		{F88799FB-BA62-4E63-9AD1-986660152A17}.Debug|Win32.ActiveCfg = Debug|Win32
		{F88799FB-BA62-4E63-9AD1-986660152A17}.Debug|Win32.Build.0 = Debug|Win32
		{F88799FB-BA62-4E63-9AD1-986660152A17}.Debug|x64.ActiveCfg = Debug|x64
		{F88799FB-BA62-4E63-9AD1-986660152A17}.Debug|x64.Build.0 = Debug|x64
		{F88799FB-BA62-4E63-9AD1-986660152A17}.Release|Any CPU.ActiveCfg = Release|Win32
		{F88799FB-BA62-4E63-9AD1-986660152A17}.Release|Mixed Platforms.ActiveCfg = Release|Win32
		{F88799FB-BA62-4E63-9AD1-986660152A17}.Release|Mixed Platforms.Build.0 = Release|Win32
		{F88799FB-BA62-4E63-9AD1-986660152A17}.Release|Win32.ActiveCfg = Release|Win32
		{F88799FB-BA62-4E63-9AD1-986660152A17}.Release|Win32.Build.0 = Release|Win32
		{F88799FB-BA62-4E63-9AD1-986660152A17}.Release|x64.ActiveCfg = Release|x64
		{F88799FB-BA62-4E63-9AD1-986660152A17}.Release|x64.Build.0 = Release|x64
	EndGlobalSection
	GlobalSection(SolutionProperties) = preSolution
		HideSolutionNode = FALSE
	EndGlobalSection
EndGlobal
